PODS:
  - Alamofire (4.8.2)
  - FittedSheets (1.4.4)
  - IQKeyboardManager (6.4.0)
  - lottie-ios (3.1.2)
  - SkyFloatingLabelTextField (3.7.0)
  - SnapKit (5.0.0)
  - SwiftDate (6.0.3)
  - SwiftGen (6.1.0)
  - SwiftLint (0.38.2)

DEPENDENCIES:
  - Alamofire
  - FittedSheets
  - IQKeyboardManager
  - lottie-ios
  - SkyFloatingLabelTextField
  - SnapKit
  - SwiftDate
  - SwiftGen
  - SwiftLint

SPEC REPOS:
  trunk:
    - Alamofire
    - FittedSheets
    - IQKeyboardManager
    - lottie-ios
    - SkyFloatingLabelTextField
    - SnapKit
    - SwiftDate
    - SwiftGen
    - SwiftLint

SPEC CHECKSUMS:
  Alamofire: ae5c501addb7afdbb13687d7f2f722c78734c2d3
  FittedSheets: f56b96c7bd81585d9a183c2a06abe176fa0b55db
  IQKeyboardManager: fcef267266379c003181fc3592f6bdb8bf4db839
  lottie-ios: 49cd85b1f24f61a7708ad7ec76a523ab2d0e3100
  SkyFloatingLabelTextField: 4b46db0ab1ccde0919cded29c656e6b4805eda04
  SnapKit: fd22d10eb9aff484d79a8724eab922c1ddf89bcf
  SwiftDate: 8d4f14bf1ef68e95094511504856547bf9e3e1a6
  SwiftGen: f872ca75cbd17bf7103c17f13dcfa0d9a15667b0
  SwiftLint: 8f5d2f903e1c9bcbc832fd16771e80a263ac6cbb

PODFILE CHECKSUM: 4a2e65cf4f839b683b843d0c3465d2afbbe53020

COCOAPODS: 1.8.4
